<?xml version="1.0" encoding="utf-8"?>
<Project ToolsVersion="4.0" xmlns="http://schemas.microsoft.com/developer/msbuild/2003">
  <ItemGroup>
    <Filter Include="Common">
      <UniqueIdentifier>6ee45674-9c9b-4a9d-9555-5cd2c390ce20</UniqueIdentifier>
    </Filter>
    <Filter Include="Assets">
      <UniqueIdentifier>63cd1e78-3206-49b9-8639-e718bb31c3bb</UniqueIdentifier>
      <Extensions>ico;cur;bmp;dds;dlg;fbx;rct;bin;rgs;gif;jpg;jpeg;jpe;resx;tga;tiff;tif;png;wav;mfcribbon-ms</Extensions>
    </Filter>
  </ItemGroup>
  <ItemGroup>
    <ClInclude Include="utils\pch.hpp" />
    <ClInclude Include="window\Game.hpp" />
    <ClInclude Include="utils\StepTimer.hpp">
      <Filter>Common</Filter>
    </ClInclude>
    <ClInclude Include="directx\DeviceResources.hpp">
      <Filter>Common</Filter>
    </ClInclude>
    <ClInclude Include="imgui\imgui_impl_dx11.h" />
    <ClInclude Include="imgui\imgui_impl_win32.h" />
    <ClInclude Include="imgui\imgui.hpp" />
    <ClInclude Include="utils\sandbox.hpp" />
    <ClInclude Include="sandbox\manyshapes\shapes.hpp" />
    <ClInclude Include="sandbox\manyshapes\cube3d.hpp" />
    <ClInclude Include="sandbox\resolution_changer\resolution_changer.hpp" />
    <ClInclude Include="sandbox\plane\simple_plane.hpp" />
    <ClInclude Include="sandbox\manyshapes\cylinder.hpp" />
    <ClInclude Include="sandbox\geometry_factory.hpp" />
    <ClInclude Include="sandbox\manyshapes\sphere.hpp" />
    <ClInclude Include="sandbox\manyshapes\geosphere.hpp" />
    <ClInclude Include="sandbox\plane\plane_and_sphere.hpp" />
    <ClInclude Include="sandbox\from_file\skull.hpp" />
    <ClInclude Include="sandbox\from_file\car.hpp" />
    <ClInclude Include="sandbox\helper.hpp" />
    <ClInclude Include="sandbox\lights\basic_demo\light.hpp" />
    <ClInclude Include="sandbox\lights\skull_demo\skull.hpp" />
    <ClInclude Include="sandbox\lights\skull_demo\effect.hpp" />
    <ClInclude Include="sandbox\textures\box\box_texture.hpp" />
    <ClInclude Include="sandbox\textures\box\effect.hpp" />
    <ClInclude Include="sandbox\textures\waves\waves_texture.hpp" />
    <ClInclude Include="sandbox\textures\waves\effect.hpp" />
    <ClInclude Include="sandbox\textures\waves\waves.hpp" />
    <ClInclude Include="sandbox\textures\box_multiple\box_texture.hpp" />
    <ClInclude Include="sandbox\textures\box_multiple\effect.hpp" />
    <ClInclude Include="sandbox\textures\box_anim\box_texture.hpp" />
    <ClInclude Include="sandbox\textures\box_anim\effect.hpp" />
  </ItemGroup>
  <ItemGroup>
    <ClCompile Include="utils\pch.cpp" />
    <ClCompile Include="window\Game.cpp" />
    <ClCompile Include="window\Main.cpp" />
    <ClCompile Include="directx\DeviceResources.cpp">
      <Filter>Common</Filter>
    </ClCompile>
    <ClCompile Include="imgui\imgui_impl_dx11.cpp" />
    <ClCompile Include="imgui\imgui_impl_win32.cpp" />
    <ClCompile Include="window\GameRender.cpp" />
    <ClCompile Include="utils\sandbox.cpp" />
    <ClCompile Include="sandbox\manyshapes\shapes.cpp" />
    <ClCompile Include="sandbox\manyshapes\cube3d.cpp" />
    <ClCompile Include="sandbox\resolution_changer\resolution_changer.cpp" />
    <ClCompile Include="sandbox\plane\simple_plane.cpp" />
    <ClCompile Include="sandbox\manyshapes\cylinder.cpp" />
    <ClCompile Include="sandbox\geometry_factory.cpp" />
    <ClCompile Include="sandbox\manyshapes\sphere.cpp" />
    <ClCompile Include="sandbox\manyshapes\geosphere.cpp" />
    <ClCompile Include="sandbox\plane\plane_and_sphere.cpp" />
    <ClCompile Include="sandbox\from_file\skull.cpp" />
    <ClCompile Include="sandbox\from_file\car.cpp" />
    <ClCompile Include="sandbox\lights\basic_demo\light.cpp" />
    <ClCompile Include="sandbox\lights\skull_demo\skull.cpp" />
    <ClCompile Include="sandbox\lights\skull_demo\shapes.cpp" />
    <ClCompile Include="sandbox\textures\box\box_texture.cpp" />
    <ClCompile Include="sandbox\textures\waves\waves_texture.cpp" />
    <ClCompile Include="sandbox\textures\waves\waves.cpp" />
    <ClCompile Include="sandbox\textures\box_multiple\box_texture.cpp" />
    <ClCompile Include="sandbox\textures\box_anim\box_texture.cpp" />
  </ItemGroup>
  <ItemGroup>
    <ResourceCompile Include="resource.rc" />
  </ItemGroup>
  <ItemGroup>
    <Image Include="directx.ico">
      <Filter>Assets</Filter>
    </Image>
    <Image Include="E:\Dev\Introduction-to-3D-Game-Programming-With-DirectX11-master\Chapter 8 Texturing\TexturedHillsAndWaves\Textures\grass.dds">
      <Filter>Assets</Filter>
    </Image>
    <Image Include="E:\Dev\Introduction-to-3D-Game-Programming-With-DirectX11-master\Chapter 8 Texturing\TexturedHillsAndWaves\Textures\water1.dds">
      <Filter>Assets</Filter>
    </Image>
    <Image Include="E:\Dev\Introduction-to-3D-Game-Programming-With-DirectX11-master\Chapter 8 Texturing\TexturedHillsAndWaves\Textures\water2.dds">
      <Filter>Assets</Filter>
    </Image>
  </ItemGroup>
  <ItemGroup>
    <Manifest Include="settings.manifest">
      <Filter>Assets</Filter>
    </Manifest>
  </ItemGroup>
  <ItemGroup>
    <FxCompile Include="resources\manyshapes\cube3d_ps.hlsl" />
    <FxCompile Include="resources\manyshapes\cube3d_vs.hlsl" />
    <FxCompile Include="resources\geometry_default_ps.hlsl" />
    <FxCompile Include="resources\geometry_default_vs.hlsl" />
    <FxCompile Include="resources\lights\light_test_vs.hlsl" />
    <FxCompile Include="resources\lights\light_test_ps.hlsl" />
    <FxCompile Include="resources\lights\skull_demo_vs.hlsl" />
    <FxCompile Include="resources\lights\skull_demo_ps.hlsl" />
    <FxCompile Include="resources\box_texture\box_vs.hlsl" />
    <FxCompile Include="resources\box_texture\box_ps.hlsl" />
    <FxCompile Include="resources\box_texture\box_multiple_vs.hlsl" />
    <FxCompile Include="resources\box_texture\box_multiple_ps.hlsl" />
  </ItemGroup>
  <ItemGroup>
    <None Include="sandbox\test_house\Scene.fbx">
      <Filter>Assets</Filter>
    </None>
    <None Include="sandbox\test_house\Shader1.dgsl" />
    <None Include="resources\lights\helper.hlsli" />
    <None Include="resources\lights\light_test.hlsli" />
    <None Include="resources\lights\skull_demo.hlsli" />
    <None Include="resources\box_texture\box.hlsli" />
    <None Include="resources\box_texture\helper.hlsli" />
  </ItemGroup>
  <ItemGroup>
    <Text Include="sandbox\from_file\car.txt" />
    <Text Include="sandbox\from_file\skull.txt" />
  </ItemGroup>
</Project>