<?xml version="1.0" encoding="utf-8"?>
<Project ToolsVersion="4.0" xmlns="http://schemas.microsoft.com/developer/msbuild/2003">
  <ItemGroup>
    <Filter Include="Common">
      <UniqueIdentifier>6ee45674-9c9b-4a9d-9555-5cd2c390ce20</UniqueIdentifier>
    </Filter>
    <Filter Include="Assets">
      <UniqueIdentifier>63cd1e78-3206-49b9-8639-e718bb31c3bb</UniqueIdentifier>
      <Extensions>ico;cur;bmp;dds;dlg;fbx;rct;bin;rgs;gif;jpg;jpeg;jpe;resx;tga;tiff;tif;png;wav;mfcribbon-ms</Extensions>
    </Filter>
  </ItemGroup>
  <ItemGroup>
    <ClInclude Include="utils\pch.hpp" />
    <ClInclude Include="window\Game.hpp" />
    <ClInclude Include="utils\StepTimer.hpp">
      <Filter>Common</Filter>
    </ClInclude>
    <ClInclude Include="directx\DeviceResources.hpp">
      <Filter>Common</Filter>
    </ClInclude>
  </ItemGroup>
  <ItemGroup>
    <ClCompile Include="utils\pch.cpp" />
    <ClCompile Include="window\Game.cpp" />
    <ClCompile Include="window\Main.cpp" />
    <ClCompile Include="directx\DeviceResources.cpp">
      <Filter>Common</Filter>
    </ClCompile>
  </ItemGroup>
  <ItemGroup>
    <ResourceCompile Include="resource.rc" />
  </ItemGroup>
  <ItemGroup>
    <Image Include="directx.ico">
      <Filter>Assets</Filter>
    </Image>
  </ItemGroup>
  <ItemGroup>
    <Manifest Include="settings.manifest">
      <Filter>Assets</Filter>
    </Manifest>
  </ItemGroup>
</Project>